// !$*UTF8*$!
{
	archiveVersion = 1;
	classes = {
	};
	objectVersion = 55;
	objects = {

/* Begin PBXBuildFile section */
		7E30EBDD27EF3BAB0061F2FB /* PlatinumApp.swift in Sources */ = {isa = PBXBuildFile; fileRef = 7E30EBDC27EF3BAB0061F2FB /* PlatinumApp.swift */; };
		7E30EBDF27EF3BAB0061F2FB /* ContentView.swift in Sources */ = {isa = PBXBuildFile; fileRef = 7E30EBDE27EF3BAB0061F2FB /* ContentView.swift */; };
		7E30EBE127EF3BAC0061F2FB /* Assets.xcassets in Resources */ = {isa = PBXBuildFile; fileRef = 7E30EBE027EF3BAC0061F2FB /* Assets.xcassets */; };
		7E30EBE427EF3BAC0061F2FB /* Preview Assets.xcassets in Resources */ = {isa = PBXBuildFile; fileRef = 7E30EBE327EF3BAC0061F2FB /* Preview Assets.xcassets */; };
		7E30EBE627EF3BAC0061F2FB /* Persistence.swift in Sources */ = {isa = PBXBuildFile; fileRef = 7E30EBE527EF3BAC0061F2FB /* Persistence.swift */; };
		7E30EBE927EF3BAC0061F2FB /* Platinum.xcdatamodeld in Sources */ = {isa = PBXBuildFile; fileRef = 7E30EBE727EF3BAC0061F2FB /* Platinum.xcdatamodeld */; };
/* End PBXBuildFile section */

/* Begin PBXFileReference section */
		7E30EBD927EF3BAB0061F2FB /* Platinum.app */ = {isa = PBXFileReference; explicitFileType = wrapper.application; includeInIndex = 0; path = Platinum.app; sourceTree = BUILT_PRODUCTS_DIR; };
		7E30EBDC27EF3BAB0061F2FB /* PlatinumApp.swift */ = {isa = PBXFileReference; lastKnownFileType = sourcecode.swift; path = PlatinumApp.swift; sourceTree = "<group>"; };
		7E30EBDE27EF3BAB0061F2FB /* ContentView.swift */ = {isa = PBXFileReference; lastKnownFileType = sourcecode.swift; path = ContentView.swift; sourceTree = "<group>"; };
		7E30EBE027EF3BAC0061F2FB /* Assets.xcassets */ = {isa = PBXFileReference; lastKnownFileType = folder.assetcatalog; path = Assets.xcassets; sourceTree = "<group>"; };
		7E30EBE327EF3BAC0061F2FB /* Preview Assets.xcassets */ = {isa = PBXFileReference; lastKnownFileType = folder.assetcatalog; path = "Preview Assets.xcassets"; sourceTree = "<group>"; };
		7E30EBE527EF3BAC0061F2FB /* Persistence.swift */ = {isa = PBXFileReference; lastKnownFileType = sourcecode.swift; path = Persistence.swift; sourceTree = "<group>"; };
		7E30EBE827EF3BAC0061F2FB /* Platinum.xcdatamodel */ = {isa = PBXFileReference; lastKnownFileType = wrapper.xcdatamodel; path = Platinum.xcdatamodel; sourceTree = "<group>"; };
/* End PBXFileReference section */

/* Begin PBXFrameworksBuildPhase section */
		7E30EBD627EF3BAB0061F2FB /* Frameworks */ = {
			isa = PBXFrameworksBuildPhase;
			buildActionMask = 2147483647;
			files = (
			);
			runOnlyForDeploymentPostprocessing = 0;
		};
/* End PBXFrameworksBuildPhase section */

/* Begin PBXGroup section */
		7E30EBD027EF3BAB0061F2FB = {
			isa = PBXGroup;
			children = (
				7E30EBDB27EF3BAB0061F2FB /* Platinum */,
				7E30EBDA27EF3BAB0061F2FB /* Products */,
			);
			sourceTree = "<group>";
		};
		7E30EBDA27EF3BAB0061F2FB /* Products */ = {
			isa = PBXGroup;
			children = (
				7E30EBD927EF3BAB0061F2FB /* Platinum.app */,
			);
			name = Products;
			sourceTree = "<group>";
		};
		7E30EBDB27EF3BAB0061F2FB /* Platinum */ = {
			isa = PBXGroup;
			children = (
				7E30EBDC27EF3BAB0061F2FB /* PlatinumApp.swift */,
				7E30EBE027EF3BAC0061F2FB /* Assets.xcassets */,
				7E30EBF227EF3C030061F2FB /* Model */,
				7E30EBF127EF3BFE0061F2FB /* View */,
				7E30EBF027EF3BF70061F2FB /* ViewModel */,
				7E30EBEF27EF3BF10061F2FB /* Utility */,
				7E30EBE227EF3BAC0061F2FB /* Preview Content */,
			);
			path = Platinum;
			sourceTree = "<group>";
		};
		7E30EBE227EF3BAC0061F2FB /* Preview Content */ = {
			isa = PBXGroup;
			children = (
				7E30EBE327EF3BAC0061F2FB /* Preview Assets.xcassets */,
			);
			path = "Preview Content";
			sourceTree = "<group>";
		};
		7E30EBEF27EF3BF10061F2FB /* Utility */ = {
			isa = PBXGroup;
			children = (
			);
			path = Utility;
			sourceTree = "<group>";
		};
		7E30EBF027EF3BF70061F2FB /* ViewModel */ = {
			isa = PBXGroup;
			children = (
			);
			path = ViewModel;
			sourceTree = "<group>";
		};
		7E30EBF127EF3BFE0061F2FB /* View */ = {
			isa = PBXGroup;
			children = (
				7E30EBDE27EF3BAB0061F2FB /* ContentView.swift */,
			);
			path = View;
			sourceTree = "<group>";
		};
		7E30EBF227EF3C030061F2FB /* Model */ = {
			isa = PBXGroup;
			children = (
				7E30EBE527EF3BAC0061F2FB /* Persistence.swift */,
				7E30EBE727EF3BAC0061F2FB /* Platinum.xcdatamodeld */,
			);
			path = Model;
			sourceTree = "<group>";
		};
/* End PBXGroup section */

/* Begin PBXNativeTarget section */
		7E30EBD827EF3BAB0061F2FB /* Platinum */ = {
			isa = PBXNativeTarget;
			buildConfigurationList = 7E30EBEC27EF3BAC0061F2FB /* Build configuration list for PBXNativeTarget "Platinum" */;
			buildPhases = (
				7E30EBD527EF3BAB0061F2FB /* Sources */,
				7E30EBD627EF3BAB0061F2FB /* Frameworks */,
				7E30EBD727EF3BAB0061F2FB /* Resources */,
			);
			buildRules = (
			);
			dependencies = (
			);
			name = Platinum;
			productName = Platinum;
			productReference = 7E30EBD927EF3BAB0061F2FB /* Platinum.app */;
			productType = "com.apple.product-type.application";
		};
/* End PBXNativeTarget section */

/* Begin PBXProject section */
		7E30EBD127EF3BAB0061F2FB /* Project object */ = {
			isa = PBXProject;
			attributes = {
				BuildIndependentTargetsInParallel = 1;
				LastSwiftUpdateCheck = 1330;
				LastUpgradeCheck = 1330;
				TargetAttributes = {
					7E30EBD827EF3BAB0061F2FB = {
						CreatedOnToolsVersion = 13.3;
					};
				};
			};
			buildConfigurationList = 7E30EBD427EF3BAB0061F2FB /* Build configuration list for PBXProject "Platinum" */;
			compatibilityVersion = "Xcode 13.0";
			developmentRegion = en;
			hasScannedForEncodings = 0;
			knownRegions = (
				en,
				Base,
			);
			mainGroup = 7E30EBD027EF3BAB0061F2FB;
			productRefGroup = 7E30EBDA27EF3BAB0061F2FB /* Products */;
			projectDirPath = "";
			projectRoot = "";
			targets = (
				7E30EBD827EF3BAB0061F2FB /* Platinum */,
			);
		};
/* End PBXProject section */

/* Begin PBXResourcesBuildPhase section */
		7E30EBD727EF3BAB0061F2FB /* Resources */ = {
			isa = PBXResourcesBuildPhase;
			buildActionMask = 2147483647;
			files = (
				7E30EBE427EF3BAC0061F2FB /* Preview Assets.xcassets in Resources */,
				7E30EBE127EF3BAC0061F2FB /* Assets.xcassets in Resources */,
			);
			runOnlyForDeploymentPostprocessing = 0;
		};
/* End PBXResourcesBuildPhase section */

/* Begin PBXSourcesBuildPhase section */
		7E30EBD527EF3BAB0061F2FB /* Sources */ = {
			isa = PBXSourcesBuildPhase;
			buildActionMask = 2147483647;
			files = (
				7E30EBE627EF3BAC0061F2FB /* Persistence.swift in Sources */,
				7E30EBDF27EF3BAB0061F2FB /* ContentView.swift in Sources */,
				7E30EBDD27EF3BAB0061F2FB /* PlatinumApp.swift in Sources */,
				7E30EBE927EF3BAC0061F2FB /* Platinum.xcdatamodeld in Sources */,
			);
			runOnlyForDeploymentPostprocessing = 0;
		};
/* End PBXSourcesBuildPhase section */

/* Begin XCBuildConfiguration section */
		7E30EBEA27EF3BAC0061F2FB /* Debug */ = {
			isa = XCBuildConfiguration;
			buildSettings = {
				ALWAYS_SEARCH_USER_PATHS = NO;
				CLANG_ANALYZER_NONNULL = YES;
				CLANG_ANALYZER_NUMBER_OBJECT_CONVERSION = YES_AGGRESSIVE;
				CLANG_CXX_LANGUAGE_STANDARD = "gnu++17";
				CLANG_ENABLE_MODULES = YES;
				CLANG_ENABLE_OBJC_ARC = YES;
				CLANG_ENABLE_OBJC_WEAK = YES;
				CLANG_WARN_BLOCK_CAPTURE_AUTORELEASING = YES;
				CLANG_WARN_BOOL_CONVERSION = YES;
				CLANG_WARN_COMMA = YES;
				CLANG_WARN_CONSTANT_CONVERSION = YES;
				CLANG_WARN_DEPRECATED_OBJC_IMPLEMENTATIONS = YES;
				CLANG_WARN_DIRECT_OBJC_ISA_USAGE = YES_ERROR;
				CLANG_WARN_DOCUMENTATION_COMMENTS = YES;
				CLANG_WARN_EMPTY_BODY = YES;
				CLANG_WARN_ENUM_CONVERSION = YES;
				CLANG_WARN_INFINITE_RECURSION = YES;
				CLANG_WARN_INT_CONVERSION = YES;
				CLANG_WARN_NON_LITERAL_NULL_CONVERSION = YES;
				CLANG_WARN_OBJC_IMPLICIT_RETAIN_SELF = YES;
				CLANG_WARN_OBJC_LITERAL_CONVERSION = YES;
				CLANG_WARN_OBJC_ROOT_CLASS = YES_ERROR;
				CLANG_WARN_QUOTED_INCLUDE_IN_FRAMEWORK_HEADER = YES;
				CLANG_WARN_RANGE_LOOP_ANALYSIS = YES;
				CLANG_WARN_STRICT_PROTOTYPES = YES;
				CLANG_WARN_SUSPICIOUS_MOVE = YES;
				CLANG_WARN_UNGUARDED_AVAILABILITY = YES_AGGRESSIVE;
				CLANG_WARN_UNREACHABLE_CODE = YES;
				CLANG_WARN__DUPLICATE_METHOD_MATCH = YES;
				COPY_PHASE_STRIP = NO;
				DEBUG_INFORMATION_FORMAT = dwarf;
				ENABLE_STRICT_OBJC_MSGSEND = YES;
				ENABLE_TESTABILITY = YES;
				GCC_C_LANGUAGE_STANDARD = gnu11;
				GCC_DYNAMIC_NO_PIC = NO;
				GCC_NO_COMMON_BLOCKS = YES;
				GCC_OPTIMIZATION_LEVEL = 0;
				GCC_PREPROCESSOR_DEFINITIONS = (
					"DEBUG=1",
					"$(inherited)",
				);
				GCC_WARN_64_TO_32_BIT_CONVERSION = YES;
				GCC_WARN_ABOUT_RETURN_TYPE = YES_ERROR;
				GCC_WARN_UNDECLARED_SELECTOR = YES;
				GCC_WARN_UNINITIALIZED_AUTOS = YES_AGGRESSIVE;
				GCC_WARN_UNUSED_FUNCTION = YES;
				GCC_WARN_UNUSED_VARIABLE = YES;
				IPHONEOS_DEPLOYMENT_TARGET = 15.4;
				MTL_ENABLE_DEBUG_INFO = INCLUDE_SOURCE;
				MTL_FAST_MATH = YES;
				ONLY_ACTIVE_ARCH = YES;
				SDKROOT = iphoneos;
				SWIFT_ACTIVE_COMPILATION_CONDITIONS = DEBUG;
				SWIFT_OPTIMIZATION_LEVEL = "-Onone";
			};
			name = Debug;
		};
		7E30EBEB27EF3BAC0061F2FB /* Release */ = {
			isa = XCBuildConfiguration;
			buildSettings = {
				ALWAYS_SEARCH_USER_PATHS = NO;
				CLANG_ANALYZER_NONNULL = YES;
				CLANG_ANALYZER_NUMBER_OBJECT_CONVERSION = YES_AGGRESSIVE;
				CLANG_CXX_LANGUAGE_STANDARD = "gnu++17";
				CLANG_ENABLE_MODULES = YES;
				CLANG_ENABLE_OBJC_ARC = YES;
				CLANG_ENABLE_OBJC_WEAK = YES;
				CLANG_WARN_BLOCK_CAPTURE_AUTORELEASING = YES;
				CLANG_WARN_BOOL_CONVERSION = YES;
				CLANG_WARN_COMMA = YES;
				CLANG_WARN_CONSTANT_CONVERSION = YES;
				CLANG_WARN_DEPRECATED_OBJC_IMPLEMENTATIONS = YES;
				CLANG_WARN_DIRECT_OBJC_ISA_USAGE = YES_ERROR;
				CLANG_WARN_DOCUMENTATION_COMMENTS = YES;
				CLANG_WARN_EMPTY_BODY = YES;
				CLANG_WARN_ENUM_CONVERSION = YES;
				CLANG_WARN_INFINITE_RECURSION = YES;
				CLANG_WARN_INT_CONVERSION = YES;
				CLANG_WARN_NON_LITERAL_NULL_CONVERSION = YES;
				CLANG_WARN_OBJC_IMPLICIT_RETAIN_SELF = YES;
				CLANG_WARN_OBJC_LITERAL_CONVERSION = YES;
				CLANG_WARN_OBJC_ROOT_CLASS = YES_ERROR;
				CLANG_WARN_QUOTED_INCLUDE_IN_FRAMEWORK_HEADER = YES;
				CLANG_WARN_RANGE_LOOP_ANALYSIS = YES;
				CLANG_WARN_STRICT_PROTOTYPES = YES;
				CLANG_WARN_SUSPICIOUS_MOVE = YES;
				CLANG_WARN_UNGUARDED_AVAILABILITY = YES_AGGRESSIVE;
				CLANG_WARN_UNREACHABLE_CODE = YES;
				CLANG_WARN__DUPLICATE_METHOD_MATCH = YES;
				COPY_PHASE_STRIP = NO;
				DEBUG_INFORMATION_FORMAT = "dwarf-with-dsym";
				ENABLE_NS_ASSERTIONS = NO;
				ENABLE_STRICT_OBJC_MSGSEND = YES;
				GCC_C_LANGUAGE_STANDARD = gnu11;
				GCC_NO_COMMON_BLOCKS = YES;
				GCC_WARN_64_TO_32_BIT_CONVERSION = YES;
				GCC_WARN_ABOUT_RETURN_TYPE = YES_ERROR;
				GCC_WARN_UNDECLARED_SELECTOR = YES;
				GCC_WARN_UNINITIALIZED_AUTOS = YES_AGGRESSIVE;
				GCC_WARN_UNUSED_FUNCTION = YES;
				GCC_WARN_UNUSED_VARIABLE = YES;
				IPHONEOS_DEPLOYMENT_TARGET = 15.4;
				MTL_ENABLE_DEBUG_INFO = NO;
				MTL_FAST_MATH = YES;
				SDKROOT = iphoneos;
				SWIFT_COMPILATION_MODE = wholemodule;
				SWIFT_OPTIMIZATION_LEVEL = "-O";
				VALIDATE_PRODUCT = YES;
			};
			name = Release;
		};
		7E30EBED27EF3BAC0061F2FB /* Debug */ = {
			isa = XCBuildConfiguration;
			buildSettings = {
				ASSETCATALOG_COMPILER_APPICON_NAME = AppIcon;
				ASSETCATALOG_COMPILER_GLOBAL_ACCENT_COLOR_NAME = AccentColor;
				CODE_SIGN_STYLE = Automatic;
				CURRENT_PROJECT_VERSION = 1;
				DEVELOPMENT_ASSET_PATHS = "\"Platinum/Preview Content\"";
				DEVELOPMENT_TEAM = 5U782822RV;
				ENABLE_PREVIEWS = YES;
				GENERATE_INFOPLIST_FILE = YES;
				INFOPLIST_KEY_UIApplicationSceneManifest_Generation = YES;
				INFOPLIST_KEY_UIApplicationSupportsIndirectInputEvents = YES;
				INFOPLIST_KEY_UILaunchScreen_Generation = YES;
				INFOPLIST_KEY_UISupportedInterfaceOrientations_iPad = "UIInterfaceOrientationPortrait UIInterfaceOrientationPortraitUpsideDown UIInterfaceOrientationLandscapeLeft UIInterfaceOrientationLandscapeRight";
				INFOPLIST_KEY_UISupportedInterfaceOrientations_iPhone = "UIInterfaceOrientationPortrait UIInterfaceOrientationLandscapeLeft UIInterfaceOrientationLandscapeRight";
				LD_RUNPATH_SEARCH_PATHS = (
					"$(inherited)",
					"@executable_path/Frameworks",
				);
				MARKETING_VERSION = 1.0;
				PRODUCT_BUNDLE_IDENTIFIER = ThomasG51.Platinum;
				PRODUCT_NAME = "$(TARGET_NAME)";
				SWIFT_EMIT_LOC_STRINGS = YES;
				SWIFT_VERSION = 5.0;
				TARGETED_DEVICE_FAMILY = "1,2";
			};
			name = Debug;
		};
		7E30EBEE27EF3BAC0061F2FB /* Release */ = {
			isa = XCBuildConfiguration;
			buildSettings = {
				ASSETCATALOG_COMPILER_APPICON_NAME = AppIcon;
				ASSETCATALOG_COMPILER_GLOBAL_ACCENT_COLOR_NAME = AccentColor;
				CODE_SIGN_STYLE = Automatic;
				CURRENT_PROJECT_VERSION = 1;
				DEVELOPMENT_ASSET_PATHS = "\"Platinum/Preview Content\"";
				DEVELOPMENT_TEAM = 5U782822RV;
				ENABLE_PREVIEWS = YES;
				GENERATE_INFOPLIST_FILE = YES;
				INFOPLIST_KEY_UIApplicationSceneManifest_Generation = YES;
				INFOPLIST_KEY_UIApplicationSupportsIndirectInputEvents = YES;
				INFOPLIST_KEY_UILaunchScreen_Generation = YES;
				INFOPLIST_KEY_UISupportedInterfaceOrientations_iPad = "UIInterfaceOrientationPortrait UIInterfaceOrientationPortraitUpsideDown UIInterfaceOrientationLandscapeLeft UIInterfaceOrientationLandscapeRight";
				INFOPLIST_KEY_UISupportedInterfaceOrientations_iPhone = "UIInterfaceOrientationPortrait UIInterfaceOrientationLandscapeLeft UIInterfaceOrientationLandscapeRight";
				LD_RUNPATH_SEARCH_PATHS = (
					"$(inherited)",
					"@executable_path/Frameworks",
				);
				MARKETING_VERSION = 1.0;
				PRODUCT_BUNDLE_IDENTIFIER = ThomasG51.Platinum;
				PRODUCT_NAME = "$(TARGET_NAME)";
				SWIFT_EMIT_LOC_STRINGS = YES;
				SWIFT_VERSION = 5.0;
				TARGETED_DEVICE_FAMILY = "1,2";
			};
			name = Release;
		};
/* End XCBuildConfiguration section */

/* Begin XCConfigurationList section */
		7E30EBD427EF3BAB0061F2FB /* Build configuration list for PBXProject "Platinum" */ = {
			isa = XCConfigurationList;
			buildConfigurations = (
				7E30EBEA27EF3BAC0061F2FB /* Debug */,
				7E30EBEB27EF3BAC0061F2FB /* Release */,
			);
			defaultConfigurationIsVisible = 0;
			defaultConfigurationName = Release;
		};
		7E30EBEC27EF3BAC0061F2FB /* Build configuration list for PBXNativeTarget "Platinum" */ = {
			isa = XCConfigurationList;
			buildConfigurations = (
				7E30EBED27EF3BAC0061F2FB /* Debug */,
				7E30EBEE27EF3BAC0061F2FB /* Release */,
			);
			defaultConfigurationIsVisible = 0;
			defaultConfigurationName = Release;
		};
/* End XCConfigurationList section */

/* Begin XCVersionGroup section */
		7E30EBE727EF3BAC0061F2FB /* Platinum.xcdatamodeld */ = {
			isa = XCVersionGroup;
			children = (
				7E30EBE827EF3BAC0061F2FB /* Platinum.xcdatamodel */,
			);
			currentVersion = 7E30EBE827EF3BAC0061F2FB /* Platinum.xcdatamodel */;
			path = Platinum.xcdatamodeld;
			sourceTree = "<group>";
			versionGroupType = wrapper.xcdatamodel;
		};
/* End XCVersionGroup section */
	};
	rootObject = 7E30EBD127EF3BAB0061F2FB /* Project object */;
}
